{
  "name": "hestia",
  "version": "1.0.0",
  "lockfileVersion": 1,
  "requires": true,
  "dependencies": {
    "moment": {
      "version": "2.27.0",
      "resolved": "https://registry.npmjs.org/moment/-/moment-2.27.0.tgz",
      "integrity": "sha512-al0MUK7cpIcglMv3YF13qSgdAIqxHTO7brRtaz3DlSULbqfazqkc5kEjNrLDOM7fsjshoFIihnU8snrP7zUvhQ=="
    },
    "vis-timeline": {
      "version": "7.3.7",
      "resolved": "https://registry.npmjs.org/vis-timeline/-/vis-timeline-7.3.7.tgz",
      "integrity": "sha512-1tqPdJsM6JXCBY80Ut15TCQD2VoolAabQ7mXguOH/X+HrBCv7KstkfZ3J2eVkHWevGEh2D8m+c8reyW2E6YI3Q=="
    }
  }
}
